
Microsoft Visual Studio Solution File, Format Version 12.00
# Visual Studio Version 17
VisualStudioVersion = 17.6.33712.159
MinimumVisualStudioVersion = 10.0.40219.1
Project("{2150E333-8FDC-42A3-9474-1A3956D46DE8}") = "Src", "Src", "{8E6126EC-D79F-40D2-964F-CFBD439FC4FB}"
EndProject
Project("{FAE04EC0-301F-11D3-BF4B-00C04F79EFBC}") = "Webapi", "Webapi\Webapi.csproj", "{30EB628C-D9B9-4028-BA6F-5925457A1011}"
EndProject
Project("{FAE04EC0-301F-11D3-BF4B-00C04F79EFBC}") = "IdentityServer4host", "IdentityServer4host\IdentityServer4host.csproj", "{6D5D79C2-1035-418A-8A15-95FE10DB5B4F}"
EndProject
Global
	GlobalSection(SolutionConfigurationPlatforms) = preSolution
		Debug|Any CPU = Debug|Any CPU
		Release|Any CPU = Release|Any CPU
	EndGlobalSection
	GlobalSection(ProjectConfigurationPlatforms) = postSolution
		{30EB628C-D9B9-4028-BA6F-5925457A1011}.Debug|Any CPU.ActiveCfg = Debug|Any CPU
		{30EB628C-D9B9-4028-BA6F-5925457A1011}.Debug|Any CPU.Build.0 = Debug|Any CPU
		{30EB628C-D9B9-4028-BA6F-5925457A1011}.Release|Any CPU.ActiveCfg = Release|Any CPU
		{30EB628C-D9B9-4028-BA6F-5925457A1011}.Release|Any CPU.Build.0 = Release|Any CPU
		{6D5D79C2-1035-418A-8A15-95FE10DB5B4F}.Debug|Any CPU.ActiveCfg = Debug|Any CPU
		{6D5D79C2-1035-418A-8A15-95FE10DB5B4F}.Debug|Any CPU.Build.0 = Debug|Any CPU
		{6D5D79C2-1035-418A-8A15-95FE10DB5B4F}.Release|Any CPU.ActiveCfg = Release|Any CPU
		{6D5D79C2-1035-418A-8A15-95FE10DB5B4F}.Release|Any CPU.Build.0 = Release|Any CPU
	EndGlobalSection
	GlobalSection(SolutionProperties) = preSolution
		HideSolutionNode = FALSE
	EndGlobalSection
	GlobalSection(NestedProjects) = preSolution
		{30EB628C-D9B9-4028-BA6F-5925457A1011} = {8E6126EC-D79F-40D2-964F-CFBD439FC4FB}
		{6D5D79C2-1035-418A-8A15-95FE10DB5B4F} = {8E6126EC-D79F-40D2-964F-CFBD439FC4FB}
	EndGlobalSection
	GlobalSection(ExtensibilityGlobals) = postSolution
		SolutionGuid = {2DC3F9C4-2783-4F7F-9E43-EFAC76DF7E2E}
	EndGlobalSection
EndGlobal
